// !$*UTF8*$!
{
	archiveVersion = 1;
	classes = {
	};
	objectVersion = 77;
	objects = {

/* Begin PBXBuildFile section */
		25726DE52F103E72005AC584 /* SwiftProtobuf in Frameworks */ = {isa = PBXBuildFile; productRef = 25726DE42F103E72005AC584 /* SwiftProtobuf */; };
		25726DE82F103FD6005AC584 /* GRPCNIOTransportHTTP2 in Frameworks */ = {isa = PBXBuildFile; productRef = 25726DE72F103FD6005AC584 /* GRPCNIOTransportHTTP2 */; };
		25726E072F10430F005AC584 /* GRPCCore in Frameworks */ = {isa = PBXBuildFile; productRef = 25726E062F10430F005AC584 /* GRPCCore */; };
		25726E0A2F1043B8005AC584 /* GRPCProtobuf in Frameworks */ = {isa = PBXBuildFile; productRef = 25726E092F1043B8005AC584 /* GRPCProtobuf */; };
		258C17C32F02CF880091B9D6 /* Local.xcconfig in Resources */ = {isa = PBXBuildFile; fileRef = 258C17C22F02CF880091B9D6 /* Local.xcconfig */; };
		258C189D2F02D78B0091B9D6 /* whisper.xcframework in Frameworks */ = {isa = PBXBuildFile; fileRef = 258C189C2F02D78B0091B9D6 /* whisper.xcframework */; };
		258C18A12F02DB100091B9D6 /* whisper.xcframework in Copy XCFramework */ = {isa = PBXBuildFile; fileRef = 258C189C2F02D78B0091B9D6 /* whisper.xcframework */; settings = {ATTRIBUTES = (CodeSignOnCopy, RemoveHeadersOnCopy, ); }; };
		258C18EC2F031AE80091B9D6 /* Auth in Frameworks */ = {isa = PBXBuildFile; productRef = 258C18EB2F031AE80091B9D6 /* Auth */; };
		258C18EE2F031AE80091B9D6 /* Functions in Frameworks */ = {isa = PBXBuildFile; productRef = 258C18ED2F031AE80091B9D6 /* Functions */; };
		258C18F02F031AE80091B9D6 /* PostgREST in Frameworks */ = {isa = PBXBuildFile; productRef = 258C18EF2F031AE80091B9D6 /* PostgREST */; };
		258C18F22F031AE80091B9D6 /* Realtime in Frameworks */ = {isa = PBXBuildFile; productRef = 258C18F12F031AE80091B9D6 /* Realtime */; };
		258C18F42F031AE80091B9D6 /* Storage in Frameworks */ = {isa = PBXBuildFile; productRef = 258C18F32F031AE80091B9D6 /* Storage */; };
		258C18F62F031AE80091B9D6 /* Supabase in Frameworks */ = {isa = PBXBuildFile; productRef = 258C18F52F031AE80091B9D6 /* Supabase */; };
		258C190F2F0335E90091B9D6 /* SwiftAI in Frameworks */ = {isa = PBXBuildFile; productRef = 258C190E2F0335E90091B9D6 /* SwiftAI */; };
		258C19112F0335E90091B9D6 /* SwiftAIMLX in Frameworks */ = {isa = PBXBuildFile; productRef = 258C19102F0335E90091B9D6 /* SwiftAIMLX */; };
		C6F8A1092ED1258100686CD1 /* Sparkle in Frameworks */ = {isa = PBXBuildFile; productRef = C6A1B2C42E89D12300A56103 /* Sparkle */; };
/* End PBXBuildFile section */

/* Begin PBXContainerItemProxy section */
		C6EFBFD42E2823D400277948 /* PBXContainerItemProxy */ = {
			isa = PBXContainerItemProxy;
			containerPortal = C6EFBFBA2E2823D200277948 /* Project object */;
			proxyType = 1;
			remoteGlobalIDString = C6EFBFC12E2823D200277948;
			remoteInfo = homie;
		};
		C6EFBFDE2E2823D400277948 /* PBXContainerItemProxy */ = {
			isa = PBXContainerItemProxy;
			containerPortal = C6EFBFBA2E2823D200277948 /* Project object */;
			proxyType = 1;
			remoteGlobalIDString = C6EFBFC12E2823D200277948;
			remoteInfo = homie;
		};
/* End PBXContainerItemProxy section */

/* Begin PBXCopyFilesBuildPhase section */
		C67409F12E89CC4D00A56103 /* Copy XCFramework */ = {
			isa = PBXCopyFilesBuildPhase;
			buildActionMask = 12;
			dstPath = "";
			dstSubfolderSpec = 10;
			files = (
				258C18A12F02DB100091B9D6 /* whisper.xcframework in Copy XCFramework */,
			);
			name = "Copy XCFramework";
			runOnlyForDeploymentPostprocessing = 0;
		};
/* End PBXCopyFilesBuildPhase section */

/* Begin PBXFileReference section */
		258C17C22F02CF880091B9D6 /* Local.xcconfig */ = {isa = PBXFileReference; lastKnownFileType = text.xcconfig; path = Local.xcconfig; sourceTree = "<group>"; };
		258C189C2F02D78B0091B9D6 /* whisper.xcframework */ = {isa = PBXFileReference; expectedSignature = "AppleDeveloperProgram:VCUZ2VGD4X:Hai Dang"; lastKnownFileType = wrapper.xcframework; path = whisper.xcframework; sourceTree = "<group>"; };
		C6EFBFC22E2823D200277948 /* homie.app */ = {isa = PBXFileReference; explicitFileType = wrapper.application; includeInIndex = 0; path = homie.app; sourceTree = BUILT_PRODUCTS_DIR; };
		C6EFBFD32E2823D400277948 /* homieTests.xctest */ = {isa = PBXFileReference; explicitFileType = wrapper.cfbundle; includeInIndex = 0; path = homieTests.xctest; sourceTree = BUILT_PRODUCTS_DIR; };
		C6EFBFDD2E2823D400277948 /* homieUITests.xctest */ = {isa = PBXFileReference; explicitFileType = wrapper.cfbundle; includeInIndex = 0; path = homieUITests.xctest; sourceTree = BUILT_PRODUCTS_DIR; };
/* End PBXFileReference section */

/* Begin PBXFileSystemSynchronizedBuildFileExceptionSet section */
		25381EAC2F0D803700494235 /* Exceptions for "homie" folder in "homie" target */ = {
			isa = PBXFileSystemSynchronizedBuildFileExceptionSet;
			membershipExceptions = (
				API_KEY_SETUP.md,
				Info.plist,
			);
			target = C6EFBFC12E2823D200277948 /* homie */;
		};
/* End PBXFileSystemSynchronizedBuildFileExceptionSet section */

/* Begin PBXFileSystemSynchronizedRootGroup section */
		C6EFBFC42E2823D200277948 /* homie */ = {
			isa = PBXFileSystemSynchronizedRootGroup;
			exceptions = (
				25381EAC2F0D803700494235 /* Exceptions for "homie" folder in "homie" target */,
			);
			path = homie;
			sourceTree = "<group>";
		};
		C6EFBFD62E2823D400277948 /* homieTests */ = {
			isa = PBXFileSystemSynchronizedRootGroup;
			path = homieTests;
			sourceTree = "<group>";
		};
		C6EFBFE02E2823D400277948 /* homieUITests */ = {
			isa = PBXFileSystemSynchronizedRootGroup;
			path = homieUITests;
			sourceTree = "<group>";
		};
/* End PBXFileSystemSynchronizedRootGroup section */

/* Begin PBXFrameworksBuildPhase section */
		C6EFBFBF2E2823D200277948 /* Frameworks */ = {
			isa = PBXFrameworksBuildPhase;
			buildActionMask = 2147483647;
			files = (
				258C189D2F02D78B0091B9D6 /* whisper.xcframework in Frameworks */,
				C6F8A1092ED1258100686CD1 /* Sparkle in Frameworks */,
				258C18F42F031AE80091B9D6 /* Storage in Frameworks */,
				258C190F2F0335E90091B9D6 /* SwiftAI in Frameworks */,
				258C18EE2F031AE80091B9D6 /* Functions in Frameworks */,
				258C18F62F031AE80091B9D6 /* Supabase in Frameworks */,
				25726DE82F103FD6005AC584 /* GRPCNIOTransportHTTP2 in Frameworks */,
				25726E0A2F1043B8005AC584 /* GRPCProtobuf in Frameworks */,
				258C18F22F031AE80091B9D6 /* Realtime in Frameworks */,
				258C18EC2F031AE80091B9D6 /* Auth in Frameworks */,
				258C19112F0335E90091B9D6 /* SwiftAIMLX in Frameworks */,
				258C18F02F031AE80091B9D6 /* PostgREST in Frameworks */,
				25726E072F10430F005AC584 /* GRPCCore in Frameworks */,
				25726DE52F103E72005AC584 /* SwiftProtobuf in Frameworks */,
			);
			runOnlyForDeploymentPostprocessing = 0;
		};
		C6EFBFD02E2823D400277948 /* Frameworks */ = {
			isa = PBXFrameworksBuildPhase;
			buildActionMask = 2147483647;
			files = (
			);
			runOnlyForDeploymentPostprocessing = 0;
		};
		C6EFBFDA2E2823D400277948 /* Frameworks */ = {
			isa = PBXFrameworksBuildPhase;
			buildActionMask = 2147483647;
			files = (
			);
			runOnlyForDeploymentPostprocessing = 0;
		};
/* End PBXFrameworksBuildPhase section */

/* Begin PBXGroup section */
		C67409EF2E89C17C00A56103 /* Frameworks */ = {
			isa = PBXGroup;
			children = (
				258C189C2F02D78B0091B9D6 /* whisper.xcframework */,
			);
			name = Frameworks;
			sourceTree = "<group>";
		};
		C6EFBFB92E2823D200277948 = {
			isa = PBXGroup;
			children = (
				C6EFBFC42E2823D200277948 /* homie */,
				C6EFBFD62E2823D400277948 /* homieTests */,
				C6EFBFE02E2823D400277948 /* homieUITests */,
				C67409EF2E89C17C00A56103 /* Frameworks */,
				C6EFBFC32E2823D200277948 /* Products */,
				258C17C22F02CF880091B9D6 /* Local.xcconfig */,
			);
			sourceTree = "<group>";
		};
		C6EFBFC32E2823D200277948 /* Products */ = {
			isa = PBXGroup;
			children = (
				C6EFBFC22E2823D200277948 /* homie.app */,
				C6EFBFD32E2823D400277948 /* homieTests.xctest */,
				C6EFBFDD2E2823D400277948 /* homieUITests.xctest */,
			);
			name = Products;
			sourceTree = "<group>";
		};
/* End PBXGroup section */

/* Begin PBXNativeTarget section */
		C6EFBFC12E2823D200277948 /* homie */ = {
			isa = PBXNativeTarget;
			buildConfigurationList = C6EFBFE72E2823D400277948 /* Build configuration list for PBXNativeTarget "homie" */;
			buildPhases = (
				25726DE92F104032005AC584 /* Generate Proto Files */,
				C6EFBFBE2E2823D200277948 /* Sources */,
				C6EFBFBF2E2823D200277948 /* Frameworks */,
				C6EFBFC02E2823D200277948 /* Resources */,
				C67409F12E89CC4D00A56103 /* Copy XCFramework */,
				25726FCF2F104C69005AC584 /* Build Whatsapp Bridge */,
			);
			buildRules = (
			);
			dependencies = (
			);
			fileSystemSynchronizedGroups = (
				C6EFBFC42E2823D200277948 /* homie */,
			);
			name = homie;
			packageProductDependencies = (
				C6A1B2C42E89D12300A56103 /* Sparkle */,
				258C18EB2F031AE80091B9D6 /* Auth */,
				258C18ED2F031AE80091B9D6 /* Functions */,
				258C18EF2F031AE80091B9D6 /* PostgREST */,
				258C18F12F031AE80091B9D6 /* Realtime */,
				258C18F32F031AE80091B9D6 /* Storage */,
				258C18F52F031AE80091B9D6 /* Supabase */,
				258C190E2F0335E90091B9D6 /* SwiftAI */,
				258C19102F0335E90091B9D6 /* SwiftAIMLX */,
				25726DE42F103E72005AC584 /* SwiftProtobuf */,
				25726DE72F103FD6005AC584 /* GRPCNIOTransportHTTP2 */,
				25726E062F10430F005AC584 /* GRPCCore */,
				25726E092F1043B8005AC584 /* GRPCProtobuf */,
			);
			productName = homie;
			productReference = C6EFBFC22E2823D200277948 /* homie.app */;
			productType = "com.apple.product-type.application";
		};
		C6EFBFD22E2823D400277948 /* homieTests */ = {
			isa = PBXNativeTarget;
			buildConfigurationList = C6EFBFEA2E2823D400277948 /* Build configuration list for PBXNativeTarget "homieTests" */;
			buildPhases = (
				C6EFBFCF2E2823D400277948 /* Sources */,
				C6EFBFD02E2823D400277948 /* Frameworks */,
				C6EFBFD12E2823D400277948 /* Resources */,
			);
			buildRules = (
			);
			dependencies = (
				C6EFBFD52E2823D400277948 /* PBXTargetDependency */,
			);
			fileSystemSynchronizedGroups = (
				C6EFBFD62E2823D400277948 /* homieTests */,
			);
			name = homieTests;
			packageProductDependencies = (
			);
			productName = homieTests;
			productReference = C6EFBFD32E2823D400277948 /* homieTests.xctest */;
			productType = "com.apple.product-type.bundle.unit-test";
		};
		C6EFBFDC2E2823D400277948 /* homieUITests */ = {
			isa = PBXNativeTarget;
			buildConfigurationList = C6EFBFED2E2823D400277948 /* Build configuration list for PBXNativeTarget "homieUITests" */;
			buildPhases = (
				C6EFBFD92E2823D400277948 /* Sources */,
				C6EFBFDA2E2823D400277948 /* Frameworks */,
				C6EFBFDB2E2823D400277948 /* Resources */,
			);
			buildRules = (
			);
			dependencies = (
				C6EFBFDF2E2823D400277948 /* PBXTargetDependency */,
			);
			fileSystemSynchronizedGroups = (
				C6EFBFE02E2823D400277948 /* homieUITests */,
			);
			name = homieUITests;
			packageProductDependencies = (
			);
			productName = homieUITests;
			productReference = C6EFBFDD2E2823D400277948 /* homieUITests.xctest */;
			productType = "com.apple.product-type.bundle.ui-testing";
		};
/* End PBXNativeTarget section */

/* Begin PBXProject section */
		C6EFBFBA2E2823D200277948 /* Project object */ = {
			isa = PBXProject;
			attributes = {
				BuildIndependentTargetsInParallel = 1;
				LastSwiftUpdateCheck = 1620;
				LastUpgradeCheck = 1620;
				TargetAttributes = {
					C6EFBFC12E2823D200277948 = {
						CreatedOnToolsVersion = 16.2;
					};
					C6EFBFD22E2823D400277948 = {
						CreatedOnToolsVersion = 16.2;
						TestTargetID = C6EFBFC12E2823D200277948;
					};
					C6EFBFDC2E2823D400277948 = {
						CreatedOnToolsVersion = 16.2;
						TestTargetID = C6EFBFC12E2823D200277948;
					};
				};
			};
			buildConfigurationList = C6EFBFBD2E2823D200277948 /* Build configuration list for PBXProject "homie" */;
			developmentRegion = en;
			hasScannedForEncodings = 0;
			knownRegions = (
				en,
				Base,
			);
			mainGroup = C6EFBFB92E2823D200277948;
			minimizedProjectReferenceProxies = 1;
			packageReferences = (
				C6A1B2C32E89D12300A56103 /* XCRemoteSwiftPackageReference "Sparkle" */,
				258C18EA2F031AE80091B9D6 /* XCRemoteSwiftPackageReference "supabase-swift" */,
				258C190D2F0335E90091B9D6 /* XCRemoteSwiftPackageReference "SwiftAI" */,
				25726DE32F103E72005AC584 /* XCRemoteSwiftPackageReference "swift-protobuf" */,
				25726DE62F103FD6005AC584 /* XCRemoteSwiftPackageReference "grpc-swift-nio-transport" */,
				25726E052F10430F005AC584 /* XCRemoteSwiftPackageReference "grpc-swift-2" */,
				25726E082F1043B8005AC584 /* XCRemoteSwiftPackageReference "grpc-swift-protobuf" */,
			);
			preferredProjectObjectVersion = 77;
			productRefGroup = C6EFBFC32E2823D200277948 /* Products */;
			projectDirPath = "";
			projectRoot = "";
			targets = (
				C6EFBFC12E2823D200277948 /* homie */,
				C6EFBFD22E2823D400277948 /* homieTests */,
				C6EFBFDC2E2823D400277948 /* homieUITests */,
			);
		};
/* End PBXProject section */

/* Begin PBXResourcesBuildPhase section */
		C6EFBFC02E2823D200277948 /* Resources */ = {
			isa = PBXResourcesBuildPhase;
			buildActionMask = 2147483647;
			files = (
				258C17C32F02CF880091B9D6 /* Local.xcconfig in Resources */,
			);
			runOnlyForDeploymentPostprocessing = 0;
		};
		C6EFBFD12E2823D400277948 /* Resources */ = {
			isa = PBXResourcesBuildPhase;
			buildActionMask = 2147483647;
			files = (
			);
			runOnlyForDeploymentPostprocessing = 0;
		};
		C6EFBFDB2E2823D400277948 /* Resources */ = {
			isa = PBXResourcesBuildPhase;
			buildActionMask = 2147483647;
			files = (
			);
			runOnlyForDeploymentPostprocessing = 0;
		};
/* End PBXResourcesBuildPhase section */

/* Begin PBXShellScriptBuildPhase section */
		25726DE92F104032005AC584 /* Generate Proto Files */ = {
			isa = PBXShellScriptBuildPhase;
			buildActionMask = 2147483647;
			files = (
			);
			inputFileListPaths = (
			);
			inputPaths = (
				"$(PROJECT_DIR)/../whatsapp-bridge/api/proto/whatsapp.proto",
			);
			name = "Generate Proto Files";
			outputFileListPaths = (
			);
			outputPaths = (
				"$(PROJECT_DIR)/homie/MessagingProviders/WhatsApp/Generated/whatsapp.pb.swift",
				"$(PROJECT_DIR)/homie/MessagingProviders/WhatsApp/Generated/whatsapp.grpc.swift",
			);
			runOnlyForDeploymentPostprocessing = 0;
			shellPath = /bin/sh;
			shellScript = "#!/bin/bash\nset -e\n\nPROTO_DIR=\"${PROJECT_DIR}/../whatsapp-bridge/api/proto\"\nOUTPUT_DIR=\"${PROJECT_DIR}/homie/MessagingProviders/WhatsApp/Generated\"\n\n# Find protoc in PATH or common locations\nif command -v protoc &> /dev/null; then\n    PROTOC=$(command -v protoc)\nelif [ -x \"/opt/homebrew/bin/protoc\" ]; then\n    PROTOC=\"/opt/homebrew/bin/protoc\"\nelif [ -x \"/usr/local/bin/protoc\" ]; then\n    PROTOC=\"/usr/local/bin/protoc\"\nelse\n    echo \"error: protoc not found in PATH or common locations\"\n    exit 1\nfi\n\n# Find protoc-gen-swift in PATH or common locations\nif command -v protoc-gen-swift &> /dev/null; then\n    SWIFT_PLUGIN=$(command -v protoc-gen-swift)\nelif [ -x \"/opt/homebrew/bin/protoc-gen-swift\" ]; then\n    SWIFT_PLUGIN=\"/opt/homebrew/bin/protoc-gen-swift\"\nelif [ -x \"/usr/local/bin/protoc-gen-swift\" ]; then\n    SWIFT_PLUGIN=\"/usr/local/bin/protoc-gen-swift\"\nelse\n    echo \"error: protoc-gen-swift not found\"\n    exit 1\nfi\n\n# Find protoc-gen-grpc-swift in PATH or common locations\nif command -v protoc-gen-grpc-swift &> /dev/null; then\n    GRPC_PLUGIN=$(command -v protoc-gen-grpc-swift)\nelif [ -x \"/opt/homebrew/opt/protoc-gen-grpc-swift/bin/protoc-gen-grpc-swift\" ]; then\n    GRPC_PLUGIN=\"/opt/homebrew/opt/protoc-gen-grpc-swift/bin/protoc-gen-grpc-swift\"\nelif [ -x \"/usr/local/bin/protoc-gen-grpc-swift\" ]; then\n    GRPC_PLUGIN=\"/usr/local/bin/protoc-gen-grpc-swift\"\nelse\n    echo \"error: protoc-gen-grpc-swift not found\"\n    exit 1\nfi\n\nmkdir -p \"$OUTPUT_DIR\"\n\n# Only regenerate if proto is newer than output\nif [ \"$PROTO_DIR/whatsapp.proto\" -nt \"$OUTPUT_DIR/whatsapp.pb.swift\" ]; then\n    echo \"Regenerating proto files...\"\n    \"$PROTOC\" \\\n        --proto_path=\"$PROTO_DIR\" \\\n        --plugin=protoc-gen-swift=\"$SWIFT_PLUGIN\" \\\n        --swift_out=\"$OUTPUT_DIR\" \\\n        --swift_opt=Visibility=Public \\\n        --plugin=protoc-gen-grpc-swift=\"$GRPC_PLUGIN\" \\\n        --grpc-swift_out=\"$OUTPUT_DIR\" \\\n        --grpc-swift_opt=Visibility=Public,Client=true,Server=false \\\n        \"$PROTO_DIR/whatsapp.proto\"\n    echo \"Proto files regenerated\"\nelse\n    echo \"Proto files up to date\"\nfi\n";
		};
		25726FCF2F104C69005AC584 /* Build Whatsapp Bridge */ = {
			isa = PBXShellScriptBuildPhase;
			alwaysOutOfDate = 1;
			buildActionMask = 2147483647;
			files = (
			);
			inputFileListPaths = (
			);
			inputPaths = (
			);
			name = "Build Whatsapp Bridge";
			outputFileListPaths = (
			);
			outputPaths = (
			);
			runOnlyForDeploymentPostprocessing = 0;
			shellPath = /bin/sh;
			shellScript = "#!/bin/bash\nset -e\n\nBRIDGE_DIR=\"${PROJECT_DIR}/../whatsapp-bridge\"\nBINARY_NAME=\"whatsapp-bridge\"\nOUTPUT_DIR=\"${BUILT_PRODUCTS_DIR}/${CONTENTS_FOLDER_PATH}/Resources\"\n\n# Find Go in PATH or common locations\nif command -v go &> /dev/null; then\n    GO_BIN=$(command -v go)\nelif [ -x \"/opt/homebrew/bin/go\" ]; then\n    GO_BIN=\"/opt/homebrew/bin/go\"\nelif [ -x \"/usr/local/go/bin/go\" ]; then\n    GO_BIN=\"/usr/local/go/bin/go\"\nelif [ -x \"/usr/local/bin/go\" ]; then\n    GO_BIN=\"/usr/local/bin/go\"\nelse\n    echo \"warning: Go not installed, skipping whatsapp-bridge build\"\n    exit 0\nfi\n\n# Build the binary\necho \"Building whatsapp-bridge...\"\ncd \"$BRIDGE_DIR\"\nCGO_ENABLED=1 \"$GO_BIN\" build -o \"bin/$BINARY_NAME\" ./cmd/whatsapp-bridge\n\n# Copy to app bundle\necho \"Copying whatsapp-bridge to app bundle...\"\nmkdir -p \"$OUTPUT_DIR\"\ncp \"bin/$BINARY_NAME\" \"$OUTPUT_DIR/\"\n\necho \"whatsapp-bridge installed successfully\"\n";
		};
/* End PBXShellScriptBuildPhase section */

/* Begin PBXSourcesBuildPhase section */
		C6EFBFBE2E2823D200277948 /* Sources */ = {
			isa = PBXSourcesBuildPhase;
			buildActionMask = 2147483647;
			files = (
			);
			runOnlyForDeploymentPostprocessing = 0;
		};
		C6EFBFCF2E2823D400277948 /* Sources */ = {
			isa = PBXSourcesBuildPhase;
			buildActionMask = 2147483647;
			files = (
			);
			runOnlyForDeploymentPostprocessing = 0;
		};
		C6EFBFD92E2823D400277948 /* Sources */ = {
			isa = PBXSourcesBuildPhase;
			buildActionMask = 2147483647;
			files = (
			);
			runOnlyForDeploymentPostprocessing = 0;
		};
/* End PBXSourcesBuildPhase section */

/* Begin PBXTargetDependency section */
		C6EFBFD52E2823D400277948 /* PBXTargetDependency */ = {
			isa = PBXTargetDependency;
			target = C6EFBFC12E2823D200277948 /* homie */;
			targetProxy = C6EFBFD42E2823D400277948 /* PBXContainerItemProxy */;
		};
		C6EFBFDF2E2823D400277948 /* PBXTargetDependency */ = {
			isa = PBXTargetDependency;
			target = C6EFBFC12E2823D200277948 /* homie */;
			targetProxy = C6EFBFDE2E2823D400277948 /* PBXContainerItemProxy */;
		};
/* End PBXTargetDependency section */

/* Begin XCBuildConfiguration section */
		C6EFBFE52E2823D400277948 /* Debug */ = {
			isa = XCBuildConfiguration;
			baseConfigurationReference = 258C17C22F02CF880091B9D6 /* Local.xcconfig */;
			buildSettings = {
				ALWAYS_SEARCH_USER_PATHS = NO;
				ASSETCATALOG_COMPILER_GENERATE_SWIFT_ASSET_SYMBOL_EXTENSIONS = YES;
				CLANG_ANALYZER_NONNULL = YES;
				CLANG_ANALYZER_NUMBER_OBJECT_CONVERSION = YES_AGGRESSIVE;
				CLANG_CXX_LANGUAGE_STANDARD = "gnu++20";
				CLANG_ENABLE_MODULES = YES;
				CLANG_ENABLE_OBJC_ARC = YES;
				CLANG_ENABLE_OBJC_WEAK = YES;
				CLANG_WARN_BLOCK_CAPTURE_AUTORELEASING = YES;
				CLANG_WARN_BOOL_CONVERSION = YES;
				CLANG_WARN_COMMA = YES;
				CLANG_WARN_CONSTANT_CONVERSION = YES;
				CLANG_WARN_DEPRECATED_OBJC_IMPLEMENTATIONS = YES;
				CLANG_WARN_DIRECT_OBJC_ISA_USAGE = YES_ERROR;
				CLANG_WARN_DOCUMENTATION_COMMENTS = YES;
				CLANG_WARN_EMPTY_BODY = YES;
				CLANG_WARN_ENUM_CONVERSION = YES;
				CLANG_WARN_INFINITE_RECURSION = YES;
				CLANG_WARN_INT_CONVERSION = YES;
				CLANG_WARN_NON_LITERAL_NULL_CONVERSION = YES;
				CLANG_WARN_OBJC_IMPLICIT_RETAIN_SELF = YES;
				CLANG_WARN_OBJC_LITERAL_CONVERSION = YES;
				CLANG_WARN_OBJC_ROOT_CLASS = YES_ERROR;
				CLANG_WARN_QUOTED_INCLUDE_IN_FRAMEWORK_HEADER = YES;
				CLANG_WARN_RANGE_LOOP_ANALYSIS = YES;
				CLANG_WARN_STRICT_PROTOTYPES = YES;
				CLANG_WARN_SUSPICIOUS_MOVE = YES;
				CLANG_WARN_UNGUARDED_AVAILABILITY = YES_AGGRESSIVE;
				CLANG_WARN_UNREACHABLE_CODE = YES;
				CLANG_WARN__DUPLICATE_METHOD_MATCH = YES;
				COPY_PHASE_STRIP = NO;
				DEBUG_INFORMATION_FORMAT = dwarf;
				ENABLE_STRICT_OBJC_MSGSEND = YES;
				ENABLE_TESTABILITY = YES;
				ENABLE_USER_SCRIPT_SANDBOXING = NO;
				FRAMEWORK_SEARCH_PATHS = "$(SRCROOT)";
				GCC_C_LANGUAGE_STANDARD = gnu17;
				GCC_DYNAMIC_NO_PIC = NO;
				GCC_NO_COMMON_BLOCKS = YES;
				GCC_OPTIMIZATION_LEVEL = 0;
				GCC_PREPROCESSOR_DEFINITIONS = (
					"DEBUG=1",
					"$(inherited)",
				);
				GCC_WARN_64_TO_32_BIT_CONVERSION = YES;
				GCC_WARN_ABOUT_RETURN_TYPE = YES_ERROR;
				GCC_WARN_UNDECLARED_SELECTOR = YES;
				GCC_WARN_UNINITIALIZED_AUTOS = YES_AGGRESSIVE;
				GCC_WARN_UNUSED_FUNCTION = YES;
				GCC_WARN_UNUSED_VARIABLE = YES;
				LOCALIZATION_PREFERS_STRING_CATALOGS = YES;
				MACOSX_DEPLOYMENT_TARGET = 15.0;
				MTL_ENABLE_DEBUG_INFO = INCLUDE_SOURCE;
				MTL_FAST_MATH = YES;
				ONLY_ACTIVE_ARCH = YES;
				SDKROOT = macosx;
				SWIFT_ACTIVE_COMPILATION_CONDITIONS = "DEBUG $(inherited)";
				SWIFT_OPTIMIZATION_LEVEL = "-Onone";
			};
			name = Debug;
		};
		C6EFBFE62E2823D400277948 /* Release */ = {
			isa = XCBuildConfiguration;
			buildSettings = {
				ALWAYS_SEARCH_USER_PATHS = NO;
				ASSETCATALOG_COMPILER_GENERATE_SWIFT_ASSET_SYMBOL_EXTENSIONS = YES;
				CLANG_ANALYZER_NONNULL = YES;
				CLANG_ANALYZER_NUMBER_OBJECT_CONVERSION = YES_AGGRESSIVE;
				CLANG_CXX_LANGUAGE_STANDARD = "gnu++20";
				CLANG_ENABLE_MODULES = YES;
				CLANG_ENABLE_OBJC_ARC = YES;
				CLANG_ENABLE_OBJC_WEAK = YES;
				CLANG_WARN_BLOCK_CAPTURE_AUTORELEASING = YES;
				CLANG_WARN_BOOL_CONVERSION = YES;
				CLANG_WARN_COMMA = YES;
				CLANG_WARN_CONSTANT_CONVERSION = YES;
				CLANG_WARN_DEPRECATED_OBJC_IMPLEMENTATIONS = YES;
				CLANG_WARN_DIRECT_OBJC_ISA_USAGE = YES_ERROR;
				CLANG_WARN_DOCUMENTATION_COMMENTS = YES;
				CLANG_WARN_EMPTY_BODY = YES;
				CLANG_WARN_ENUM_CONVERSION = YES;
				CLANG_WARN_INFINITE_RECURSION = YES;
				CLANG_WARN_INT_CONVERSION = YES;
				CLANG_WARN_NON_LITERAL_NULL_CONVERSION = YES;
				CLANG_WARN_OBJC_IMPLICIT_RETAIN_SELF = YES;
				CLANG_WARN_OBJC_LITERAL_CONVERSION = YES;
				CLANG_WARN_OBJC_ROOT_CLASS = YES_ERROR;
				CLANG_WARN_QUOTED_INCLUDE_IN_FRAMEWORK_HEADER = YES;
				CLANG_WARN_RANGE_LOOP_ANALYSIS = YES;
				CLANG_WARN_STRICT_PROTOTYPES = YES;
				CLANG_WARN_SUSPICIOUS_MOVE = YES;
				CLANG_WARN_UNGUARDED_AVAILABILITY = YES_AGGRESSIVE;
				CLANG_WARN_UNREACHABLE_CODE = YES;
				CLANG_WARN__DUPLICATE_METHOD_MATCH = YES;
				COPY_PHASE_STRIP = NO;
				DEBUG_INFORMATION_FORMAT = "dwarf-with-dsym";
				ENABLE_NS_ASSERTIONS = NO;
				ENABLE_STRICT_OBJC_MSGSEND = YES;
				ENABLE_USER_SCRIPT_SANDBOXING = NO;
				FRAMEWORK_SEARCH_PATHS = "$(SRCROOT)";
				GCC_C_LANGUAGE_STANDARD = gnu17;
				GCC_NO_COMMON_BLOCKS = YES;
				GCC_WARN_64_TO_32_BIT_CONVERSION = YES;
				GCC_WARN_ABOUT_RETURN_TYPE = YES_ERROR;
				GCC_WARN_UNDECLARED_SELECTOR = YES;
				GCC_WARN_UNINITIALIZED_AUTOS = YES_AGGRESSIVE;
				GCC_WARN_UNUSED_FUNCTION = YES;
				GCC_WARN_UNUSED_VARIABLE = YES;
				LOCALIZATION_PREFERS_STRING_CATALOGS = YES;
				MACOSX_DEPLOYMENT_TARGET = 15.0;
				MTL_ENABLE_DEBUG_INFO = NO;
				MTL_FAST_MATH = YES;
				SDKROOT = macosx;
				SWIFT_COMPILATION_MODE = wholemodule;
			};
			name = Release;
		};
		C6EFBFE82E2823D400277948 /* Debug */ = {
			isa = XCBuildConfiguration;
			buildSettings = {
				ASSETCATALOG_COMPILER_APPICON_NAME = AppIcon;
				ASSETCATALOG_COMPILER_GLOBAL_ACCENT_COLOR_NAME = AccentColor;
				CODE_SIGN_ENTITLEMENTS = homie/homie.entitlements;
				CODE_SIGN_STYLE = Automatic;
				COMBINE_HIDPI_IMAGES = YES;
				CURRENT_PROJECT_VERSION = "";
				DEVELOPER_TEAM = "$(DEVELOPMENT_TEAM)";
				DEVELOPMENT_TEAM = "$(DEVELOPER_ID)";
				ENABLE_HARDENED_RUNTIME = YES;
				GENERATE_INFOPLIST_FILE = NO;
				INFOPLIST_FILE = homie/Info.plist;
				INFOPLIST_KEY_NSHumanReadableCopyright = "";
				INFOPLIST_KEY_NSMainStoryboardFile = Main;
				INFOPLIST_KEY_NSPrincipalClass = NSApplication;
				LD_RUNPATH_SEARCH_PATHS = (
					"$(inherited)",
					"@executable_path/../Frameworks",
				);
				MACOSX_DEPLOYMENT_TARGET = 26.0;
				MARKETING_VERSION = "$(MARKETING_VERSION)";
				PRODUCT_BUNDLE_IDENTIFIER = "$(PRODUCT_BUNDLE_ID)";
				PRODUCT_NAME = "$(TARGET_NAME)";
				SWIFT_EMIT_LOC_STRINGS = YES;
				SWIFT_VERSION = 5.0;
				VERSION = "";
			};
			name = Debug;
		};
		C6EFBFE92E2823D400277948 /* Release */ = {
			isa = XCBuildConfiguration;
			baseConfigurationReference = 258C17C22F02CF880091B9D6 /* Local.xcconfig */;
			buildSettings = {
				ASSETCATALOG_COMPILER_APPICON_NAME = AppIcon;
				ASSETCATALOG_COMPILER_GLOBAL_ACCENT_COLOR_NAME = AccentColor;
				CODE_SIGN_ENTITLEMENTS = homie/homie.entitlements;
				CODE_SIGN_STYLE = Automatic;
				COMBINE_HIDPI_IMAGES = YES;
				CURRENT_PROJECT_VERSION = "";
				DEVELOPER_TEAM = "$(DEVELOPMENT_TEAM)";
				ENABLE_HARDENED_RUNTIME = YES;
				GENERATE_INFOPLIST_FILE = NO;
				INFOPLIST_FILE = homie/Info.plist;
				INFOPLIST_KEY_NSHumanReadableCopyright = "";
				INFOPLIST_KEY_NSMainStoryboardFile = Main;
				INFOPLIST_KEY_NSPrincipalClass = NSApplication;
				LD_RUNPATH_SEARCH_PATHS = (
					"$(inherited)",
					"@executable_path/../Frameworks",
				);
				MACOSX_DEPLOYMENT_TARGET = 26.0;
				MARKETING_VERSION = "$(MARKETING_VERSION)";
				PRODUCT_BUNDLE_IDENTIFIER = "$(PRODUCT_BUNDLE_ID)";
				PRODUCT_NAME = "$(TARGET_NAME)";
				SWIFT_EMIT_LOC_STRINGS = YES;
				SWIFT_VERSION = 5.0;
				VERSION = "";
			};
			name = Release;
		};
		C6EFBFEB2E2823D400277948 /* Debug */ = {
			isa = XCBuildConfiguration;
			buildSettings = {
				BUNDLE_LOADER = "$(TEST_HOST)";
				CODE_SIGN_STYLE = Automatic;
				CURRENT_PROJECT_VERSION = 1;
				DEVELOPMENT_TEAM = "";
				GENERATE_INFOPLIST_FILE = YES;
				MACOSX_DEPLOYMENT_TARGET = 15.2;
				MARKETING_VERSION = 1.0;
				PRODUCT_BUNDLE_IDENTIFIER = com.homie.appTests;
				PRODUCT_NAME = "$(TARGET_NAME)";
				SWIFT_EMIT_LOC_STRINGS = NO;
				SWIFT_VERSION = 5.0;
				TEST_HOST = "$(BUILT_PRODUCTS_DIR)/homie.app/$(BUNDLE_EXECUTABLE_FOLDER_PATH)/homie";
			};
			name = Debug;
		};
		C6EFBFEC2E2823D400277948 /* Release */ = {
			isa = XCBuildConfiguration;
			buildSettings = {
				BUNDLE_LOADER = "$(TEST_HOST)";
				CODE_SIGN_STYLE = Automatic;
				CURRENT_PROJECT_VERSION = 1;
				DEVELOPMENT_TEAM = "";
				GENERATE_INFOPLIST_FILE = YES;
				MACOSX_DEPLOYMENT_TARGET = 15.2;
				MARKETING_VERSION = 1.0;
				PRODUCT_BUNDLE_IDENTIFIER = com.homie.appTests;
				PRODUCT_NAME = "$(TARGET_NAME)";
				SWIFT_EMIT_LOC_STRINGS = NO;
				SWIFT_VERSION = 5.0;
				TEST_HOST = "$(BUILT_PRODUCTS_DIR)/homie.app/$(BUNDLE_EXECUTABLE_FOLDER_PATH)/homie";
			};
			name = Release;
		};
		C6EFBFEE2E2823D400277948 /* Debug */ = {
			isa = XCBuildConfiguration;
			buildSettings = {
				CODE_SIGN_STYLE = Automatic;
				CURRENT_PROJECT_VERSION = 1;
				DEVELOPMENT_TEAM = "";
				GENERATE_INFOPLIST_FILE = YES;
				MARKETING_VERSION = 1.0;
				PRODUCT_BUNDLE_IDENTIFIER = com.homie.appUITests;
				PRODUCT_NAME = "$(TARGET_NAME)";
				SWIFT_EMIT_LOC_STRINGS = NO;
				SWIFT_VERSION = 5.0;
				TEST_TARGET_NAME = homie;
			};
			name = Debug;
		};
		C6EFBFEF2E2823D400277948 /* Release */ = {
			isa = XCBuildConfiguration;
			buildSettings = {
				CODE_SIGN_STYLE = Automatic;
				CURRENT_PROJECT_VERSION = 1;
				DEVELOPMENT_TEAM = "";
				GENERATE_INFOPLIST_FILE = YES;
				MARKETING_VERSION = 1.0;
				PRODUCT_BUNDLE_IDENTIFIER = com.homie.appUITests;
				PRODUCT_NAME = "$(TARGET_NAME)";
				SWIFT_EMIT_LOC_STRINGS = NO;
				SWIFT_VERSION = 5.0;
				TEST_TARGET_NAME = homie;
			};
			name = Release;
		};
/* End XCBuildConfiguration section */

/* Begin XCConfigurationList section */
		C6EFBFBD2E2823D200277948 /* Build configuration list for PBXProject "homie" */ = {
			isa = XCConfigurationList;
			buildConfigurations = (
				C6EFBFE52E2823D400277948 /* Debug */,
				C6EFBFE62E2823D400277948 /* Release */,
			);
			defaultConfigurationIsVisible = 0;
			defaultConfigurationName = Release;
		};
		C6EFBFE72E2823D400277948 /* Build configuration list for PBXNativeTarget "homie" */ = {
			isa = XCConfigurationList;
			buildConfigurations = (
				C6EFBFE82E2823D400277948 /* Debug */,
				C6EFBFE92E2823D400277948 /* Release */,
			);
			defaultConfigurationIsVisible = 0;
			defaultConfigurationName = Release;
		};
		C6EFBFEA2E2823D400277948 /* Build configuration list for PBXNativeTarget "homieTests" */ = {
			isa = XCConfigurationList;
			buildConfigurations = (
				C6EFBFEB2E2823D400277948 /* Debug */,
				C6EFBFEC2E2823D400277948 /* Release */,
			);
			defaultConfigurationIsVisible = 0;
			defaultConfigurationName = Release;
		};
		C6EFBFED2E2823D400277948 /* Build configuration list for PBXNativeTarget "homieUITests" */ = {
			isa = XCConfigurationList;
			buildConfigurations = (
				C6EFBFEE2E2823D400277948 /* Debug */,
				C6EFBFEF2E2823D400277948 /* Release */,
			);
			defaultConfigurationIsVisible = 0;
			defaultConfigurationName = Release;
		};
/* End XCConfigurationList section */

/* Begin XCRemoteSwiftPackageReference section */
		25726DE32F103E72005AC584 /* XCRemoteSwiftPackageReference "swift-protobuf" */ = {
			isa = XCRemoteSwiftPackageReference;
			repositoryURL = "https://github.com/apple/swift-protobuf";
			requirement = {
				kind = upToNextMajorVersion;
				minimumVersion = 1.33.3;
			};
		};
		25726DE62F103FD6005AC584 /* XCRemoteSwiftPackageReference "grpc-swift-nio-transport" */ = {
			isa = XCRemoteSwiftPackageReference;
			repositoryURL = "https://github.com/grpc/grpc-swift-nio-transport";
			requirement = {
				kind = upToNextMajorVersion;
				minimumVersion = 2.4.0;
			};
		};
		25726E052F10430F005AC584 /* XCRemoteSwiftPackageReference "grpc-swift-2" */ = {
			isa = XCRemoteSwiftPackageReference;
			repositoryURL = "https://github.com/grpc/grpc-swift-2";
			requirement = {
				kind = upToNextMajorVersion;
				minimumVersion = 2.2.1;
			};
		};
		25726E082F1043B8005AC584 /* XCRemoteSwiftPackageReference "grpc-swift-protobuf" */ = {
			isa = XCRemoteSwiftPackageReference;
			repositoryURL = "https://github.com/grpc/grpc-swift-protobuf.git";
			requirement = {
				kind = upToNextMajorVersion;
				minimumVersion = 2.1.2;
			};
		};
		258C18EA2F031AE80091B9D6 /* XCRemoteSwiftPackageReference "supabase-swift" */ = {
			isa = XCRemoteSwiftPackageReference;
			repositoryURL = "https://github.com/supabase/supabase-swift.git";
			requirement = {
				kind = upToNextMajorVersion;
				minimumVersion = 2.5.1;
			};
		};
		258C190D2F0335E90091B9D6 /* XCRemoteSwiftPackageReference "SwiftAI" */ = {
			isa = XCRemoteSwiftPackageReference;
			repositoryURL = "https://github.com/mi12labs/SwiftAI";
			requirement = {
				branch = main;
				kind = branch;
			};
		};
		C6A1B2C32E89D12300A56103 /* XCRemoteSwiftPackageReference "Sparkle" */ = {
			isa = XCRemoteSwiftPackageReference;
			repositoryURL = "https://github.com/sparkle-project/Sparkle.git";
			requirement = {
				kind = upToNextMajorVersion;
				minimumVersion = 2.5.0;
			};
		};
/* End XCRemoteSwiftPackageReference section */

/* Begin XCSwiftPackageProductDependency section */
		25726DE42F103E72005AC584 /* SwiftProtobuf */ = {
			isa = XCSwiftPackageProductDependency;
			package = 25726DE32F103E72005AC584 /* XCRemoteSwiftPackageReference "swift-protobuf" */;
			productName = SwiftProtobuf;
		};
		25726DE72F103FD6005AC584 /* GRPCNIOTransportHTTP2 */ = {
			isa = XCSwiftPackageProductDependency;
			package = 25726DE62F103FD6005AC584 /* XCRemoteSwiftPackageReference "grpc-swift-nio-transport" */;
			productName = GRPCNIOTransportHTTP2;
		};
		25726E062F10430F005AC584 /* GRPCCore */ = {
			isa = XCSwiftPackageProductDependency;
			package = 25726E052F10430F005AC584 /* XCRemoteSwiftPackageReference "grpc-swift-2" */;
			productName = GRPCCore;
		};
		25726E092F1043B8005AC584 /* GRPCProtobuf */ = {
			isa = XCSwiftPackageProductDependency;
			package = 25726E082F1043B8005AC584 /* XCRemoteSwiftPackageReference "grpc-swift-protobuf" */;
			productName = GRPCProtobuf;
		};
		258C18EB2F031AE80091B9D6 /* Auth */ = {
			isa = XCSwiftPackageProductDependency;
			package = 258C18EA2F031AE80091B9D6 /* XCRemoteSwiftPackageReference "supabase-swift" */;
			productName = Auth;
		};
		258C18ED2F031AE80091B9D6 /* Functions */ = {
			isa = XCSwiftPackageProductDependency;
			package = 258C18EA2F031AE80091B9D6 /* XCRemoteSwiftPackageReference "supabase-swift" */;
			productName = Functions;
		};
		258C18EF2F031AE80091B9D6 /* PostgREST */ = {
			isa = XCSwiftPackageProductDependency;
			package = 258C18EA2F031AE80091B9D6 /* XCRemoteSwiftPackageReference "supabase-swift" */;
			productName = PostgREST;
		};
		258C18F12F031AE80091B9D6 /* Realtime */ = {
			isa = XCSwiftPackageProductDependency;
			package = 258C18EA2F031AE80091B9D6 /* XCRemoteSwiftPackageReference "supabase-swift" */;
			productName = Realtime;
		};
		258C18F32F031AE80091B9D6 /* Storage */ = {
			isa = XCSwiftPackageProductDependency;
			package = 258C18EA2F031AE80091B9D6 /* XCRemoteSwiftPackageReference "supabase-swift" */;
			productName = Storage;
		};
		258C18F52F031AE80091B9D6 /* Supabase */ = {
			isa = XCSwiftPackageProductDependency;
			package = 258C18EA2F031AE80091B9D6 /* XCRemoteSwiftPackageReference "supabase-swift" */;
			productName = Supabase;
		};
		258C190E2F0335E90091B9D6 /* SwiftAI */ = {
			isa = XCSwiftPackageProductDependency;
			package = 258C190D2F0335E90091B9D6 /* XCRemoteSwiftPackageReference "SwiftAI" */;
			productName = SwiftAI;
		};
		258C19102F0335E90091B9D6 /* SwiftAIMLX */ = {
			isa = XCSwiftPackageProductDependency;
			package = 258C190D2F0335E90091B9D6 /* XCRemoteSwiftPackageReference "SwiftAI" */;
			productName = SwiftAIMLX;
		};
		C6A1B2C42E89D12300A56103 /* Sparkle */ = {
			isa = XCSwiftPackageProductDependency;
			package = C6A1B2C32E89D12300A56103 /* XCRemoteSwiftPackageReference "Sparkle" */;
			productName = Sparkle;
		};
/* End XCSwiftPackageProductDependency section */
	};
	rootObject = C6EFBFBA2E2823D200277948 /* Project object */;
}
